// !$*UTF8*$!
{
	archiveVersion = 1;
	classes = {
	};
	objectVersion = 70;
	objects = {

/* Begin PBXBuildFile section */
		037C7D302E09B05B00C626D8 /* Connecto Watch App.app in Embed Watch Content */ = {isa = PBXBuildFile; fileRef = 037C7D2F2E09B05B00C626D8 /* Connecto Watch App.app */; settings = {ATTRIBUTES = (RemoveHeadersOnCopy, ); }; };
/* End PBXBuildFile section */

/* Begin PBXContainerItemProxy section */
		037C7D1A2E09B05B00C626D8 /* PBXContainerItemProxy */ = {
			isa = PBXContainerItemProxy;
			containerPortal = 037C7D042E09B05900C626D8 /* Project object */;
			proxyType = 1;
			remoteGlobalIDString = 037C7D0B2E09B05A00C626D8;
			remoteInfo = Connecto;
		};
		037C7D242E09B05B00C626D8 /* PBXContainerItemProxy */ = {
			isa = PBXContainerItemProxy;
			containerPortal = 037C7D042E09B05900C626D8 /* Project object */;
			proxyType = 1;
			remoteGlobalIDString = 037C7D0B2E09B05A00C626D8;
			remoteInfo = Connecto;
		};
		03AFBCE42E0A037C00AC0F8D /* PBXContainerItemProxy */ = {
			isa = PBXContainerItemProxy;
			containerPortal = 037C7D042E09B05900C626D8 /* Project object */;
			proxyType = 1;
			remoteGlobalIDString = 037C7D2E2E09B05B00C626D8;
			remoteInfo = "Connecto Watch App";
		};
		03AFBCE92E0A040300AC0F8D /* PBXContainerItemProxy */ = {
			isa = PBXContainerItemProxy;
			containerPortal = 037C7D042E09B05900C626D8 /* Project object */;
			proxyType = 1;
			remoteGlobalIDString = 037C7D0B2E09B05A00C626D8;
			remoteInfo = Connecto;
		};
		03AFBCEB2E0A040A00AC0F8D /* PBXContainerItemProxy */ = {
			isa = PBXContainerItemProxy;
			containerPortal = 037C7D042E09B05900C626D8 /* Project object */;
			proxyType = 1;
			remoteGlobalIDString = 037C7D2E2E09B05B00C626D8;
			remoteInfo = "Connecto Watch App";
		};
		03AFBCED2E0A0D5100AC0F8D /* PBXContainerItemProxy */ = {
			isa = PBXContainerItemProxy;
			containerPortal = 037C7D042E09B05900C626D8 /* Project object */;
			proxyType = 1;
			remoteGlobalIDString = 037C7D2E2E09B05B00C626D8;
			remoteInfo = "Connecto Watch App";
		};
/* End PBXContainerItemProxy section */

/* Begin PBXCopyFilesBuildPhase section */
		037C7D552E09B05C00C626D8 /* Embed Watch Content */ = {
			isa = PBXCopyFilesBuildPhase;
			buildActionMask = 2147483647;
			dstPath = "$(CONTENTS_FOLDER_PATH)/Watch";
			dstSubfolderSpec = 16;
			files = (
				037C7D302E09B05B00C626D8 /* Connecto Watch App.app in Embed Watch Content */,
			);
			name = "Embed Watch Content";
			runOnlyForDeploymentPostprocessing = 0;
		};
/* End PBXCopyFilesBuildPhase section */

/* Begin PBXFileReference section */
		037C7D0C2E09B05A00C626D8 /* Connecto.app */ = {isa = PBXFileReference; explicitFileType = wrapper.application; includeInIndex = 0; path = Connecto.app; sourceTree = BUILT_PRODUCTS_DIR; };
		037C7D192E09B05B00C626D8 /* ConnectoTests.xctest */ = {isa = PBXFileReference; explicitFileType = wrapper.cfbundle; includeInIndex = 0; path = ConnectoTests.xctest; sourceTree = BUILT_PRODUCTS_DIR; };
		037C7D232E09B05B00C626D8 /* ConnectoUITests.xctest */ = {isa = PBXFileReference; explicitFileType = wrapper.cfbundle; includeInIndex = 0; path = ConnectoUITests.xctest; sourceTree = BUILT_PRODUCTS_DIR; };
		037C7D2F2E09B05B00C626D8 /* Connecto Watch App.app */ = {isa = PBXFileReference; explicitFileType = wrapper.application; includeInIndex = 0; path = "Connecto Watch App.app"; sourceTree = BUILT_PRODUCTS_DIR; };
		037C7D3E2E09B05C00C626D8 /* Connecto Watch AppTests.xctest */ = {isa = PBXFileReference; explicitFileType = wrapper.cfbundle; includeInIndex = 0; path = "Connecto Watch AppTests.xctest"; sourceTree = BUILT_PRODUCTS_DIR; };
		037C7D482E09B05C00C626D8 /* Connecto Watch AppUITests.xctest */ = {isa = PBXFileReference; explicitFileType = wrapper.cfbundle; includeInIndex = 0; path = "Connecto Watch AppUITests.xctest"; sourceTree = BUILT_PRODUCTS_DIR; };
/* End PBXFileReference section */

/* Begin PBXFileSystemSynchronizedBuildFileExceptionSet section */
		033F6BFD2E15D7CF00F39B52 /* PBXFileSystemSynchronizedBuildFileExceptionSet */ = {
			isa = PBXFileSystemSynchronizedBuildFileExceptionSet;
			membershipExceptions = (
				Info.plist,
			);
			target = 037C7D0B2E09B05A00C626D8 /* Connecto */;
		};
/* End PBXFileSystemSynchronizedBuildFileExceptionSet section */

/* Begin PBXFileSystemSynchronizedRootGroup section */
		037C7D0E2E09B05A00C626D8 /* Connecto */ = {isa = PBXFileSystemSynchronizedRootGroup; exceptions = (033F6BFD2E15D7CF00F39B52 /* PBXFileSystemSynchronizedBuildFileExceptionSet */, ); explicitFileTypes = {}; explicitFolders = (); path = Connecto; sourceTree = "<group>"; };
		037C7D1C2E09B05B00C626D8 /* ConnectoTests */ = {isa = PBXFileSystemSynchronizedRootGroup; explicitFileTypes = {}; explicitFolders = (); path = ConnectoTests; sourceTree = "<group>"; };
		037C7D262E09B05B00C626D8 /* ConnectoUITests */ = {isa = PBXFileSystemSynchronizedRootGroup; explicitFileTypes = {}; explicitFolders = (); path = ConnectoUITests; sourceTree = "<group>"; };
		037C7D332E09B05B00C626D8 /* Connecto Watch App */ = {isa = PBXFileSystemSynchronizedRootGroup; explicitFileTypes = {}; explicitFolders = (); path = "Connecto Watch App"; sourceTree = "<group>"; };
		037C7D412E09B05C00C626D8 /* Connecto Watch AppTests */ = {isa = PBXFileSystemSynchronizedRootGroup; explicitFileTypes = {}; explicitFolders = (); path = "Connecto Watch AppTests"; sourceTree = "<group>"; };
		037C7D4B2E09B05C00C626D8 /* Connecto Watch AppUITests */ = {isa = PBXFileSystemSynchronizedRootGroup; explicitFileTypes = {}; explicitFolders = (); path = "Connecto Watch AppUITests"; sourceTree = "<group>"; };
/* End PBXFileSystemSynchronizedRootGroup section */

/* Begin PBXFrameworksBuildPhase section */
		037C7D092E09B05A00C626D8 /* Frameworks */ = {
			isa = PBXFrameworksBuildPhase;
			buildActionMask = 2147483647;
			files = (
			);
			runOnlyForDeploymentPostprocessing = 0;
		};
		037C7D162E09B05B00C626D8 /* Frameworks */ = {
			isa = PBXFrameworksBuildPhase;
			buildActionMask = 2147483647;
			files = (
			);
			runOnlyForDeploymentPostprocessing = 0;
		};
		037C7D202E09B05B00C626D8 /* Frameworks */ = {
			isa = PBXFrameworksBuildPhase;
			buildActionMask = 2147483647;
			files = (
			);
			runOnlyForDeploymentPostprocessing = 0;
		};
		037C7D2C2E09B05B00C626D8 /* Frameworks */ = {
			isa = PBXFrameworksBuildPhase;
			buildActionMask = 2147483647;
			files = (
			);
			runOnlyForDeploymentPostprocessing = 0;
		};
		037C7D3B2E09B05C00C626D8 /* Frameworks */ = {
			isa = PBXFrameworksBuildPhase;
			buildActionMask = 2147483647;
			files = (
			);
			runOnlyForDeploymentPostprocessing = 0;
		};
		037C7D452E09B05C00C626D8 /* Frameworks */ = {
			isa = PBXFrameworksBuildPhase;
			buildActionMask = 2147483647;
			files = (
			);
			runOnlyForDeploymentPostprocessing = 0;
		};
/* End PBXFrameworksBuildPhase section */

/* Begin PBXGroup section */
		037C7D032E09B05900C626D8 = {
			isa = PBXGroup;
			children = (
				037C7D0E2E09B05A00C626D8 /* Connecto */,
				037C7D1C2E09B05B00C626D8 /* ConnectoTests */,
				037C7D262E09B05B00C626D8 /* ConnectoUITests */,
				037C7D332E09B05B00C626D8 /* Connecto Watch App */,
				037C7D412E09B05C00C626D8 /* Connecto Watch AppTests */,
				037C7D4B2E09B05C00C626D8 /* Connecto Watch AppUITests */,
				03AFBCE62E0A03CA00AC0F8D /* Frameworks */,
				037C7D0D2E09B05A00C626D8 /* Products */,
			);
			sourceTree = "<group>";
		};
		037C7D0D2E09B05A00C626D8 /* Products */ = {
			isa = PBXGroup;
			children = (
				037C7D0C2E09B05A00C626D8 /* Connecto.app */,
				037C7D192E09B05B00C626D8 /* ConnectoTests.xctest */,
				037C7D232E09B05B00C626D8 /* ConnectoUITests.xctest */,
				037C7D2F2E09B05B00C626D8 /* Connecto Watch App.app */,
				037C7D3E2E09B05C00C626D8 /* Connecto Watch AppTests.xctest */,
				037C7D482E09B05C00C626D8 /* Connecto Watch AppUITests.xctest */,
			);
			name = Products;
			sourceTree = "<group>";
		};
		03AFBCE62E0A03CA00AC0F8D /* Frameworks */ = {
			isa = PBXGroup;
			children = (
			);
			name = Frameworks;
			sourceTree = "<group>";
		};
/* End PBXGroup section */

/* Begin PBXNativeTarget section */
		037C7D0B2E09B05A00C626D8 /* Connecto */ = {
			isa = PBXNativeTarget;
			buildConfigurationList = 037C7D562E09B05C00C626D8 /* Build configuration list for PBXNativeTarget "Connecto" */;
			buildPhases = (
				037C7D082E09B05A00C626D8 /* Sources */,
				037C7D092E09B05A00C626D8 /* Frameworks */,
				037C7D0A2E09B05A00C626D8 /* Resources */,
				037C7D552E09B05C00C626D8 /* Embed Watch Content */,
			);
			buildRules = (
			);
			dependencies = (
				03AFBCEE2E0A0D5100AC0F8D /* PBXTargetDependency */,
			);
			fileSystemSynchronizedGroups = (
				037C7D0E2E09B05A00C626D8 /* Connecto */,
			);
			name = Connecto;
			packageProductDependencies = (
			);
			productName = Connecto;
			productReference = 037C7D0C2E09B05A00C626D8 /* Connecto.app */;
			productType = "com.apple.product-type.application";
		};
		037C7D182E09B05B00C626D8 /* ConnectoTests */ = {
			isa = PBXNativeTarget;
			buildConfigurationList = 037C7D592E09B05C00C626D8 /* Build configuration list for PBXNativeTarget "ConnectoTests" */;
			buildPhases = (
				037C7D152E09B05B00C626D8 /* Sources */,
				037C7D162E09B05B00C626D8 /* Frameworks */,
				037C7D172E09B05B00C626D8 /* Resources */,
			);
			buildRules = (
			);
			dependencies = (
				037C7D1B2E09B05B00C626D8 /* PBXTargetDependency */,
				03AFBCE52E0A037C00AC0F8D /* PBXTargetDependency */,
			);
			fileSystemSynchronizedGroups = (
				037C7D1C2E09B05B00C626D8 /* ConnectoTests */,
			);
			name = ConnectoTests;
			packageProductDependencies = (
			);
			productName = ConnectoTests;
			productReference = 037C7D192E09B05B00C626D8 /* ConnectoTests.xctest */;
			productType = "com.apple.product-type.bundle.unit-test";
		};
		037C7D222E09B05B00C626D8 /* ConnectoUITests */ = {
			isa = PBXNativeTarget;
			buildConfigurationList = 037C7D5C2E09B05C00C626D8 /* Build configuration list for PBXNativeTarget "ConnectoUITests" */;
			buildPhases = (
				037C7D1F2E09B05B00C626D8 /* Sources */,
				037C7D202E09B05B00C626D8 /* Frameworks */,
				037C7D212E09B05B00C626D8 /* Resources */,
			);
			buildRules = (
			);
			dependencies = (
				037C7D252E09B05B00C626D8 /* PBXTargetDependency */,
			);
			fileSystemSynchronizedGroups = (
				037C7D262E09B05B00C626D8 /* ConnectoUITests */,
			);
			name = ConnectoUITests;
			packageProductDependencies = (
			);
			productName = ConnectoUITests;
			productReference = 037C7D232E09B05B00C626D8 /* ConnectoUITests.xctest */;
			productType = "com.apple.product-type.bundle.ui-testing";
		};
		037C7D2E2E09B05B00C626D8 /* Connecto Watch App */ = {
			isa = PBXNativeTarget;
			buildConfigurationList = 037C7D522E09B05C00C626D8 /* Build configuration list for PBXNativeTarget "Connecto Watch App" */;
			buildPhases = (
				037C7D2B2E09B05B00C626D8 /* Sources */,
				037C7D2C2E09B05B00C626D8 /* Frameworks */,
				037C7D2D2E09B05B00C626D8 /* Resources */,
			);
			buildRules = (
			);
			dependencies = (
			);
			fileSystemSynchronizedGroups = (
				037C7D332E09B05B00C626D8 /* Connecto Watch App */,
			);
			name = "Connecto Watch App";
			packageProductDependencies = (
			);
			productName = "Connecto Watch App";
			productReference = 037C7D2F2E09B05B00C626D8 /* Connecto Watch App.app */;
			productType = "com.apple.product-type.application";
		};
		037C7D3D2E09B05C00C626D8 /* Connecto Watch AppTests */ = {
			isa = PBXNativeTarget;
			buildConfigurationList = 037C7D5F2E09B05C00C626D8 /* Build configuration list for PBXNativeTarget "Connecto Watch AppTests" */;
			buildPhases = (
				037C7D3A2E09B05C00C626D8 /* Sources */,
				037C7D3B2E09B05C00C626D8 /* Frameworks */,
				037C7D3C2E09B05C00C626D8 /* Resources */,
			);
			buildRules = (
			);
			dependencies = (
				03AFBCEA2E0A040300AC0F8D /* PBXTargetDependency */,
				03AFBCEC2E0A040A00AC0F8D /* PBXTargetDependency */,
			);
			fileSystemSynchronizedGroups = (
				037C7D412E09B05C00C626D8 /* Connecto Watch AppTests */,
			);
			name = "Connecto Watch AppTests";
			packageProductDependencies = (
			);
			productName = "Connecto Watch AppTests";
			productReference = 037C7D3E2E09B05C00C626D8 /* Connecto Watch AppTests.xctest */;
			productType = "com.apple.product-type.bundle.unit-test";
		};
		037C7D472E09B05C00C626D8 /* Connecto Watch AppUITests */ = {
			isa = PBXNativeTarget;
			buildConfigurationList = 037C7D622E09B05C00C626D8 /* Build configuration list for PBXNativeTarget "Connecto Watch AppUITests" */;
			buildPhases = (
				037C7D442E09B05C00C626D8 /* Sources */,
				037C7D452E09B05C00C626D8 /* Frameworks */,
				037C7D462E09B05C00C626D8 /* Resources */,
			);
			buildRules = (
			);
			dependencies = (
			);
			fileSystemSynchronizedGroups = (
				037C7D4B2E09B05C00C626D8 /* Connecto Watch AppUITests */,
			);
			name = "Connecto Watch AppUITests";
			packageProductDependencies = (
			);
			productName = "Connecto Watch AppUITests";
			productReference = 037C7D482E09B05C00C626D8 /* Connecto Watch AppUITests.xctest */;
			productType = "com.apple.product-type.bundle.ui-testing";
		};
/* End PBXNativeTarget section */

/* Begin PBXProject section */
		037C7D042E09B05900C626D8 /* Project object */ = {
			isa = PBXProject;
			attributes = {
				BuildIndependentTargetsInParallel = 1;
				LastSwiftUpdateCheck = 1500;
				LastUpgradeCheck = 2600;
				TargetAttributes = {
					037C7D0B2E09B05A00C626D8 = {
						CreatedOnToolsVersion = 15.0;
					};
					037C7D182E09B05B00C626D8 = {
						CreatedOnToolsVersion = 15.0;
						TestTargetID = 037C7D0B2E09B05A00C626D8;
					};
					037C7D222E09B05B00C626D8 = {
						CreatedOnToolsVersion = 15.0;
						TestTargetID = 037C7D0B2E09B05A00C626D8;
					};
					037C7D2E2E09B05B00C626D8 = {
						CreatedOnToolsVersion = 15.0;
					};
					037C7D3D2E09B05C00C626D8 = {
						CreatedOnToolsVersion = 15.0;
						TestTargetID = 037C7D2E2E09B05B00C626D8;
					};
					037C7D472E09B05C00C626D8 = {
						CreatedOnToolsVersion = 15.0;
						TestTargetID = 037C7D2E2E09B05B00C626D8;
					};
				};
			};
			buildConfigurationList = 037C7D072E09B05900C626D8 /* Build configuration list for PBXProject "Connecto" */;
			compatibilityVersion = "Xcode 14.0";
			developmentRegion = en;
			hasScannedForEncodings = 0;
			knownRegions = (
				en,
				Base,
			);
			mainGroup = 037C7D032E09B05900C626D8;
			minimizedProjectReferenceProxies = 1;
			productRefGroup = 037C7D0D2E09B05A00C626D8 /* Products */;
			projectDirPath = "";
			projectRoot = "";
			targets = (
				037C7D0B2E09B05A00C626D8 /* Connecto */,
				037C7D182E09B05B00C626D8 /* ConnectoTests */,
				037C7D222E09B05B00C626D8 /* ConnectoUITests */,
				037C7D2E2E09B05B00C626D8 /* Connecto Watch App */,
				037C7D3D2E09B05C00C626D8 /* Connecto Watch AppTests */,
				037C7D472E09B05C00C626D8 /* Connecto Watch AppUITests */,
			);
		};
/* End PBXProject section */

/* Begin PBXResourcesBuildPhase section */
		037C7D0A2E09B05A00C626D8 /* Resources */ = {
			isa = PBXResourcesBuildPhase;
			buildActionMask = 2147483647;
			files = (
			);
			runOnlyForDeploymentPostprocessing = 0;
		};
		037C7D172E09B05B00C626D8 /* Resources */ = {
			isa = PBXResourcesBuildPhase;
			buildActionMask = 2147483647;
			files = (
			);
			runOnlyForDeploymentPostprocessing = 0;
		};
		037C7D212E09B05B00C626D8 /* Resources */ = {
			isa = PBXResourcesBuildPhase;
			buildActionMask = 2147483647;
			files = (
			);
			runOnlyForDeploymentPostprocessing = 0;
		};
		037C7D2D2E09B05B00C626D8 /* Resources */ = {
			isa = PBXResourcesBuildPhase;
			buildActionMask = 2147483647;
			files = (
			);
			runOnlyForDeploymentPostprocessing = 0;
		};
		037C7D3C2E09B05C00C626D8 /* Resources */ = {
			isa = PBXResourcesBuildPhase;
			buildActionMask = 2147483647;
			files = (
			);
			runOnlyForDeploymentPostprocessing = 0;
		};
		037C7D462E09B05C00C626D8 /* Resources */ = {
			isa = PBXResourcesBuildPhase;
			buildActionMask = 2147483647;
			files = (
			);
			runOnlyForDeploymentPostprocessing = 0;
		};
/* End PBXResourcesBuildPhase section */

/* Begin PBXSourcesBuildPhase section */
		037C7D082E09B05A00C626D8 /* Sources */ = {
			isa = PBXSourcesBuildPhase;
			buildActionMask = 2147483647;
			files = (
			);
			runOnlyForDeploymentPostprocessing = 0;
		};
		037C7D152E09B05B00C626D8 /* Sources */ = {
			isa = PBXSourcesBuildPhase;
			buildActionMask = 2147483647;
			files = (
			);
			runOnlyForDeploymentPostprocessing = 0;
		};
		037C7D1F2E09B05B00C626D8 /* Sources */ = {
			isa = PBXSourcesBuildPhase;
			buildActionMask = 2147483647;
			files = (
			);
			runOnlyForDeploymentPostprocessing = 0;
		};
		037C7D2B2E09B05B00C626D8 /* Sources */ = {
			isa = PBXSourcesBuildPhase;
			buildActionMask = 2147483647;
			files = (
			);
			runOnlyForDeploymentPostprocessing = 0;
		};
		037C7D3A2E09B05C00C626D8 /* Sources */ = {
			isa = PBXSourcesBuildPhase;
			buildActionMask = 2147483647;
			files = (
			);
			runOnlyForDeploymentPostprocessing = 0;
		};
		037C7D442E09B05C00C626D8 /* Sources */ = {
			isa = PBXSourcesBuildPhase;
			buildActionMask = 2147483647;
			files = (
			);
			runOnlyForDeploymentPostprocessing = 0;
		};
/* End PBXSourcesBuildPhase section */

/* Begin PBXTargetDependency section */
		037C7D1B2E09B05B00C626D8 /* PBXTargetDependency */ = {
			isa = PBXTargetDependency;
			target = 037C7D0B2E09B05A00C626D8 /* Connecto */;
			targetProxy = 037C7D1A2E09B05B00C626D8 /* PBXContainerItemProxy */;
		};
		037C7D252E09B05B00C626D8 /* PBXTargetDependency */ = {
			isa = PBXTargetDependency;
			target = 037C7D0B2E09B05A00C626D8 /* Connecto */;
			targetProxy = 037C7D242E09B05B00C626D8 /* PBXContainerItemProxy */;
		};
		03AFBCE52E0A037C00AC0F8D /* PBXTargetDependency */ = {
			isa = PBXTargetDependency;
			target = 037C7D2E2E09B05B00C626D8 /* Connecto Watch App */;
			targetProxy = 03AFBCE42E0A037C00AC0F8D /* PBXContainerItemProxy */;
		};
		03AFBCEA2E0A040300AC0F8D /* PBXTargetDependency */ = {
			isa = PBXTargetDependency;
			target = 037C7D0B2E09B05A00C626D8 /* Connecto */;
			targetProxy = 03AFBCE92E0A040300AC0F8D /* PBXContainerItemProxy */;
		};
		03AFBCEC2E0A040A00AC0F8D /* PBXTargetDependency */ = {
			isa = PBXTargetDependency;
			target = 037C7D2E2E09B05B00C626D8 /* Connecto Watch App */;
			targetProxy = 03AFBCEB2E0A040A00AC0F8D /* PBXContainerItemProxy */;
		};
		03AFBCEE2E0A0D5100AC0F8D /* PBXTargetDependency */ = {
			isa = PBXTargetDependency;
			target = 037C7D2E2E09B05B00C626D8 /* Connecto Watch App */;
			targetProxy = 03AFBCED2E0A0D5100AC0F8D /* PBXContainerItemProxy */;
		};
/* End PBXTargetDependency section */

/* Begin XCBuildConfiguration section */
		037C7D502E09B05C00C626D8 /* Debug */ = {
			isa = XCBuildConfiguration;
			buildSettings = {
				ALWAYS_SEARCH_USER_PATHS = NO;
				ASSETCATALOG_COMPILER_GENERATE_SWIFT_ASSET_SYMBOL_EXTENSIONS = YES;
				CLANG_ANALYZER_NONNULL = YES;
				CLANG_ANALYZER_NUMBER_OBJECT_CONVERSION = YES_AGGRESSIVE;
				CLANG_CXX_LANGUAGE_STANDARD = "gnu++20";
				CLANG_ENABLE_MODULES = YES;
				CLANG_ENABLE_OBJC_ARC = YES;
				CLANG_ENABLE_OBJC_WEAK = YES;
				CLANG_WARN_BLOCK_CAPTURE_AUTORELEASING = YES;
				CLANG_WARN_BOOL_CONVERSION = YES;
				CLANG_WARN_COMMA = YES;
				CLANG_WARN_CONSTANT_CONVERSION = YES;
				CLANG_WARN_DEPRECATED_OBJC_IMPLEMENTATIONS = YES;
				CLANG_WARN_DIRECT_OBJC_ISA_USAGE = YES_ERROR;
				CLANG_WARN_DOCUMENTATION_COMMENTS = YES;
				CLANG_WARN_EMPTY_BODY = YES;
				CLANG_WARN_ENUM_CONVERSION = YES;
				CLANG_WARN_INFINITE_RECURSION = YES;
				CLANG_WARN_INT_CONVERSION = YES;
				CLANG_WARN_NON_LITERAL_NULL_CONVERSION = YES;
				CLANG_WARN_OBJC_IMPLICIT_RETAIN_SELF = YES;
				CLANG_WARN_OBJC_LITERAL_CONVERSION = YES;
				CLANG_WARN_OBJC_ROOT_CLASS = YES_ERROR;
				CLANG_WARN_QUOTED_INCLUDE_IN_FRAMEWORK_HEADER = YES;
				CLANG_WARN_RANGE_LOOP_ANALYSIS = YES;
				CLANG_WARN_STRICT_PROTOTYPES = YES;
				CLANG_WARN_SUSPICIOUS_MOVE = YES;
				CLANG_WARN_UNGUARDED_AVAILABILITY = YES_AGGRESSIVE;
				CLANG_WARN_UNREACHABLE_CODE = YES;
				CLANG_WARN__DUPLICATE_METHOD_MATCH = YES;
				COPY_PHASE_STRIP = NO;
				DEAD_CODE_STRIPPING = YES;
				DEBUG_INFORMATION_FORMAT = dwarf;
				DEVELOPMENT_TEAM = XTNQ4MWC26;
				ENABLE_STRICT_OBJC_MSGSEND = YES;
				ENABLE_TESTABILITY = YES;
				ENABLE_USER_SCRIPT_SANDBOXING = YES;
				GCC_C_LANGUAGE_STANDARD = gnu11;
				GCC_DYNAMIC_NO_PIC = NO;
				GCC_NO_COMMON_BLOCKS = YES;
				GCC_OPTIMIZATION_LEVEL = 0;
				GCC_PREPROCESSOR_DEFINITIONS = (
					"DEBUG=1",
					"$(inherited)",
				);
				GCC_WARN_64_TO_32_BIT_CONVERSION = YES;
				GCC_WARN_ABOUT_RETURN_TYPE = YES_ERROR;
				GCC_WARN_UNDECLARED_SELECTOR = YES;
				GCC_WARN_UNINITIALIZED_AUTOS = YES_AGGRESSIVE;
				GCC_WARN_UNUSED_FUNCTION = YES;
				GCC_WARN_UNUSED_VARIABLE = YES;
				LOCALIZATION_PREFERS_STRING_CATALOGS = YES;
				MTL_ENABLE_DEBUG_INFO = INCLUDE_SOURCE;
				MTL_FAST_MATH = YES;
				ONLY_ACTIVE_ARCH = YES;
				STRING_CATALOG_GENERATE_SYMBOLS = YES;
				SWIFT_ACTIVE_COMPILATION_CONDITIONS = "DEBUG $(inherited)";
				SWIFT_OPTIMIZATION_LEVEL = "-Onone";
			};
			name = Debug;
		};
		037C7D512E09B05C00C626D8 /* Release */ = {
			isa = XCBuildConfiguration;
			buildSettings = {
				ALWAYS_SEARCH_USER_PATHS = NO;
				ASSETCATALOG_COMPILER_GENERATE_SWIFT_ASSET_SYMBOL_EXTENSIONS = YES;
				CLANG_ANALYZER_NONNULL = YES;
				CLANG_ANALYZER_NUMBER_OBJECT_CONVERSION = YES_AGGRESSIVE;
				CLANG_CXX_LANGUAGE_STANDARD = "gnu++20";
				CLANG_ENABLE_MODULES = YES;
				CLANG_ENABLE_OBJC_ARC = YES;
				CLANG_ENABLE_OBJC_WEAK = YES;
				CLANG_WARN_BLOCK_CAPTURE_AUTORELEASING = YES;
				CLANG_WARN_BOOL_CONVERSION = YES;
				CLANG_WARN_COMMA = YES;
				CLANG_WARN_CONSTANT_CONVERSION = YES;
				CLANG_WARN_DEPRECATED_OBJC_IMPLEMENTATIONS = YES;
				CLANG_WARN_DIRECT_OBJC_ISA_USAGE = YES_ERROR;
				CLANG_WARN_DOCUMENTATION_COMMENTS = YES;
				CLANG_WARN_EMPTY_BODY = YES;
				CLANG_WARN_ENUM_CONVERSION = YES;
				CLANG_WARN_INFINITE_RECURSION = YES;
				CLANG_WARN_INT_CONVERSION = YES;
				CLANG_WARN_NON_LITERAL_NULL_CONVERSION = YES;
				CLANG_WARN_OBJC_IMPLICIT_RETAIN_SELF = YES;
				CLANG_WARN_OBJC_LITERAL_CONVERSION = YES;
				CLANG_WARN_OBJC_ROOT_CLASS = YES_ERROR;
				CLANG_WARN_QUOTED_INCLUDE_IN_FRAMEWORK_HEADER = YES;
				CLANG_WARN_RANGE_LOOP_ANALYSIS = YES;
				CLANG_WARN_STRICT_PROTOTYPES = YES;
				CLANG_WARN_SUSPICIOUS_MOVE = YES;
				CLANG_WARN_UNGUARDED_AVAILABILITY = YES_AGGRESSIVE;
				CLANG_WARN_UNREACHABLE_CODE = YES;
				CLANG_WARN__DUPLICATE_METHOD_MATCH = YES;
				COPY_PHASE_STRIP = NO;
				DEAD_CODE_STRIPPING = YES;
				DEBUG_INFORMATION_FORMAT = "dwarf-with-dsym";
				DEVELOPMENT_TEAM = XTNQ4MWC26;
				ENABLE_NS_ASSERTIONS = NO;
				ENABLE_STRICT_OBJC_MSGSEND = YES;
				ENABLE_USER_SCRIPT_SANDBOXING = YES;
				GCC_C_LANGUAGE_STANDARD = gnu11;
				GCC_NO_COMMON_BLOCKS = YES;
				GCC_WARN_64_TO_32_BIT_CONVERSION = YES;
				GCC_WARN_ABOUT_RETURN_TYPE = YES_ERROR;
				GCC_WARN_UNDECLARED_SELECTOR = YES;
				GCC_WARN_UNINITIALIZED_AUTOS = YES_AGGRESSIVE;
				GCC_WARN_UNUSED_FUNCTION = YES;
				GCC_WARN_UNUSED_VARIABLE = YES;
				LOCALIZATION_PREFERS_STRING_CATALOGS = YES;
				MTL_ENABLE_DEBUG_INFO = NO;
				MTL_FAST_MATH = YES;
				STRING_CATALOG_GENERATE_SYMBOLS = YES;
				SWIFT_COMPILATION_MODE = wholemodule;
			};
			name = Release;
		};
		037C7D532E09B05C00C626D8 /* Debug */ = {
			isa = XCBuildConfiguration;
			buildSettings = {
				ASSETCATALOG_COMPILER_APPICON_NAME = AppIcon;
				ASSETCATALOG_COMPILER_GLOBAL_ACCENT_COLOR_NAME = AccentColor;
				ASSETCATALOG_COMPILER_INCLUDE_ALL_APPICON_ASSETS = YES;
				CODE_SIGN_STYLE = Automatic;
				CURRENT_PROJECT_VERSION = 1;
				DEVELOPMENT_TEAM = S9834AYCZH;
				ENABLE_PREVIEWS = YES;
				GENERATE_INFOPLIST_FILE = YES;
				INFOPLIST_KEY_CFBundleDisplayName = Connecto;
				INFOPLIST_KEY_UISupportedInterfaceOrientations = "UIInterfaceOrientationPortrait UIInterfaceOrientationPortraitUpsideDown";
				INFOPLIST_KEY_WKCompanionAppBundleIdentifier = de.velyzo.Connecto;
				INFOPLIST_KEY_WKRunsIndependentlyOfCompanionApp = YES;
				LD_RUNPATH_SEARCH_PATHS = (
					"$(inherited)",
					"@executable_path/Frameworks",
				);
				MARKETING_VERSION = 2.0;
				PRODUCT_BUNDLE_IDENTIFIER = de.velyzo.Connecto.watchapp;
				PRODUCT_NAME = "$(TARGET_NAME)";
				SDKROOT = watchos;
				SKIP_INSTALL = YES;
				SWIFT_EMIT_LOC_STRINGS = YES;
				SWIFT_VERSION = 5.0;
				TARGETED_DEVICE_FAMILY = 4;
				WATCHOS_DEPLOYMENT_TARGET = 11.0;
			};
			name = Debug;
		};
		037C7D542E09B05C00C626D8 /* Release */ = {
			isa = XCBuildConfiguration;
			buildSettings = {
				ASSETCATALOG_COMPILER_APPICON_NAME = AppIcon;
				ASSETCATALOG_COMPILER_GLOBAL_ACCENT_COLOR_NAME = AccentColor;
				ASSETCATALOG_COMPILER_INCLUDE_ALL_APPICON_ASSETS = YES;
				CODE_SIGN_STYLE = Automatic;
				CURRENT_PROJECT_VERSION = 1;
				DEVELOPMENT_TEAM = S9834AYCZH;
				ENABLE_PREVIEWS = YES;
				GENERATE_INFOPLIST_FILE = YES;
				INFOPLIST_KEY_CFBundleDisplayName = Connecto;
				INFOPLIST_KEY_UISupportedInterfaceOrientations = "UIInterfaceOrientationPortrait UIInterfaceOrientationPortraitUpsideDown";
				INFOPLIST_KEY_WKCompanionAppBundleIdentifier = de.velyzo.Connecto;
				INFOPLIST_KEY_WKRunsIndependentlyOfCompanionApp = YES;
				LD_RUNPATH_SEARCH_PATHS = (
					"$(inherited)",
					"@executable_path/Frameworks",
				);
				MARKETING_VERSION = 2.0;
				PRODUCT_BUNDLE_IDENTIFIER = de.velyzo.Connecto.watchapp;
				PRODUCT_NAME = "$(TARGET_NAME)";
				SDKROOT = watchos;
				SKIP_INSTALL = YES;
				SWIFT_EMIT_LOC_STRINGS = YES;
				SWIFT_VERSION = 5.0;
				TARGETED_DEVICE_FAMILY = 4;
				VALIDATE_PRODUCT = YES;
				WATCHOS_DEPLOYMENT_TARGET = 11.0;
			};
			name = Release;
		};
		037C7D572E09B05C00C626D8 /* Debug */ = {
			isa = XCBuildConfiguration;
			buildSettings = {
				ASSETCATALOG_COMPILER_APPICON_NAME = AppIcon;
				ASSETCATALOG_COMPILER_GLOBAL_ACCENT_COLOR_NAME = AccentColor;
				CODE_SIGN_STYLE = Automatic;
				CURRENT_PROJECT_VERSION = 1;
				DEVELOPMENT_TEAM = S9834AYCZH;
				ENABLE_PREVIEWS = YES;
				GENERATE_INFOPLIST_FILE = YES;
				INFOPLIST_FILE = Connecto/Info.plist;
				INFOPLIST_KEY_CFBundleDisplayName = Connecto;
				INFOPLIST_KEY_LSApplicationCategoryType = "public.app-category.developer-tools";
				INFOPLIST_KEY_NSHumanReadableCopyright = "2025 Velyzo";
				INFOPLIST_KEY_UIApplicationSceneManifest_Generation = YES;
				INFOPLIST_KEY_UIApplicationSupportsIndirectInputEvents = YES;
				INFOPLIST_KEY_UILaunchScreen_Generation = YES;
				INFOPLIST_KEY_UISupportedInterfaceOrientations_iPad = "UIInterfaceOrientationPortrait UIInterfaceOrientationPortraitUpsideDown UIInterfaceOrientationLandscapeLeft UIInterfaceOrientationLandscapeRight";
				INFOPLIST_KEY_UISupportedInterfaceOrientations_iPhone = "UIInterfaceOrientationPortrait UIInterfaceOrientationLandscapeLeft UIInterfaceOrientationLandscapeRight";
				IPHONEOS_DEPLOYMENT_TARGET = 18.0;
				LD_RUNPATH_SEARCH_PATHS = (
					"$(inherited)",
					"@executable_path/Frameworks",
				);
MARKETING_VERSION = 2.0;
PRODUCT_BUNDLE_IDENTIFIER = de.velyzo.Connecto;
				PRODUCT_NAME = "$(TARGET_NAME)";
				SDKROOT = iphoneos;
				SUPPORTED_PLATFORMS = "iphoneos iphonesimulator";
				SUPPORTS_MACCATALYST = NO;
				SWIFT_EMIT_LOC_STRINGS = YES;
				SWIFT_VERSION = 5.0;
				TARGETED_DEVICE_FAMILY = 1;
			};
			name = Debug;
		};
		037C7D582E09B05C00C626D8 /* Release */ = {
			isa = XCBuildConfiguration;
			buildSettings = {
				ASSETCATALOG_COMPILER_APPICON_NAME = AppIcon;
				ASSETCATALOG_COMPILER_GLOBAL_ACCENT_COLOR_NAME = AccentColor;
				CODE_SIGN_STYLE = Automatic;
				CURRENT_PROJECT_VERSION = 1;
				DEVELOPMENT_TEAM = S9834AYCZH;
				ENABLE_PREVIEWS = YES;
				GENERATE_INFOPLIST_FILE = YES;
				INFOPLIST_FILE = Connecto/Info.plist;
				INFOPLIST_KEY_CFBundleDisplayName = Connecto;
				INFOPLIST_KEY_LSApplicationCategoryType = "public.app-category.developer-tools";
				INFOPLIST_KEY_NSHumanReadableCopyright = "2025 Velyzo";
				INFOPLIST_KEY_UIApplicationSceneManifest_Generation = YES;
				INFOPLIST_KEY_UIApplicationSupportsIndirectInputEvents = YES;
				INFOPLIST_KEY_UILaunchScreen_Generation = YES;
				INFOPLIST_KEY_UISupportedInterfaceOrientations_iPad = "UIInterfaceOrientationPortrait UIInterfaceOrientationPortraitUpsideDown UIInterfaceOrientationLandscapeLeft UIInterfaceOrientationLandscapeRight";
				INFOPLIST_KEY_UISupportedInterfaceOrientations_iPhone = "UIInterfaceOrientationPortrait UIInterfaceOrientationLandscapeLeft UIInterfaceOrientationLandscapeRight";
				IPHONEOS_DEPLOYMENT_TARGET = 18.0;
				LD_RUNPATH_SEARCH_PATHS = (
					"$(inherited)",
					"@executable_path/Frameworks",
				);
MARKETING_VERSION = 2.0;
PRODUCT_BUNDLE_IDENTIFIER = de.velyzo.Connecto;
PRODUCT_NAME = "$(TARGET_NAME)";
SDKROOT = iphoneos;
SUPPORTED_PLATFORMS = "iphoneos iphonesimulator";
SUPPORTS_MACCATALYST = NO;
SWIFT_EMIT_LOC_STRINGS = YES;
SWIFT_VERSION = 5.0;
TARGETED_DEVICE_FAMILY = 1;
VALIDATE_PRODUCT = YES;
			};
			name = Release;
		};
		037C7D5A2E09B05C00C626D8 /* Debug */ = {
			isa = XCBuildConfiguration;
			buildSettings = {
				BUNDLE_LOADER = "$(TEST_HOST)";
				CODE_SIGN_STYLE = Automatic;
				CURRENT_PROJECT_VERSION = 1;
				DEVELOPMENT_TEAM = S9834AYCZH;
				GENERATE_INFOPLIST_FILE = YES;
				IPHONEOS_DEPLOYMENT_TARGET = 17.0;
				MARKETING_VERSION = 1.0;
				PRODUCT_BUNDLE_IDENTIFIER = de.velyzo.Connecto.tests;
				PRODUCT_NAME = "$(TARGET_NAME)";
				SDKROOT = iphoneos;
				SWIFT_EMIT_LOC_STRINGS = NO;
				SWIFT_VERSION = 5.0;
				TARGETED_DEVICE_FAMILY = "1,2";
				TEST_HOST = "$(BUILT_PRODUCTS_DIR)/Connecto.app/$(BUNDLE_EXECUTABLE_FOLDER_PATH)/Connecto";
			};
			name = Debug;
		};
		037C7D5B2E09B05C00C626D8 /* Release */ = {
			isa = XCBuildConfiguration;
			buildSettings = {
				BUNDLE_LOADER = "$(TEST_HOST)";
				CODE_SIGN_STYLE = Automatic;
				CURRENT_PROJECT_VERSION = 1;
				DEVELOPMENT_TEAM = S9834AYCZH;
				GENERATE_INFOPLIST_FILE = YES;
				IPHONEOS_DEPLOYMENT_TARGET = 17.0;
				MARKETING_VERSION = 1.0;
				PRODUCT_BUNDLE_IDENTIFIER = de.velyzo.Connecto.tests;
				PRODUCT_NAME = "$(TARGET_NAME)";
				SDKROOT = iphoneos;
				SWIFT_EMIT_LOC_STRINGS = NO;
				SWIFT_VERSION = 5.0;
				TARGETED_DEVICE_FAMILY = "1,2";
				TEST_HOST = "$(BUILT_PRODUCTS_DIR)/Connecto.app/$(BUNDLE_EXECUTABLE_FOLDER_PATH)/Connecto";
				VALIDATE_PRODUCT = YES;
			};
			name = Release;
		};
		037C7D5D2E09B05C00C626D8 /* Debug */ = {
			isa = XCBuildConfiguration;
			buildSettings = {
				CODE_SIGN_STYLE = Automatic;
				CURRENT_PROJECT_VERSION = 1;
				DEVELOPMENT_TEAM = S9834AYCZH;
				GENERATE_INFOPLIST_FILE = YES;
				IPHONEOS_DEPLOYMENT_TARGET = 17.0;
				MARKETING_VERSION = 1.0;
				PRODUCT_BUNDLE_IDENTIFIER = de.velyzo.Connecto.uitests;
				PRODUCT_NAME = "$(TARGET_NAME)";
				SDKROOT = iphoneos;
				SWIFT_EMIT_LOC_STRINGS = NO;
				SWIFT_VERSION = 5.0;
				TARGETED_DEVICE_FAMILY = "1,2";
				TEST_TARGET_NAME = Connecto;
			};
			name = Debug;
		};
		037C7D5E2E09B05C00C626D8 /* Release */ = {
			isa = XCBuildConfiguration;
			buildSettings = {
				CODE_SIGN_STYLE = Automatic;
				CURRENT_PROJECT_VERSION = 1;
				DEVELOPMENT_TEAM = S9834AYCZH;
				GENERATE_INFOPLIST_FILE = YES;
				IPHONEOS_DEPLOYMENT_TARGET = 17.0;
				MARKETING_VERSION = 1.0;
				PRODUCT_BUNDLE_IDENTIFIER = de.velyzo.Connecto.uitests;
				PRODUCT_NAME = "$(TARGET_NAME)";
				SDKROOT = iphoneos;
				SWIFT_EMIT_LOC_STRINGS = NO;
				SWIFT_VERSION = 5.0;
				TARGETED_DEVICE_FAMILY = "1,2";
				TEST_TARGET_NAME = Connecto;
				VALIDATE_PRODUCT = YES;
			};
			name = Release;
		};
		037C7D602E09B05C00C626D8 /* Debug */ = {
			isa = XCBuildConfiguration;
			buildSettings = {
				BUNDLE_LOADER = "$(TEST_HOST)";
				CODE_SIGN_STYLE = Automatic;
				CURRENT_PROJECT_VERSION = 1;
				DEVELOPMENT_TEAM = S9834AYCZH;
				GENERATE_INFOPLIST_FILE = YES;
				MARKETING_VERSION = 1.0;
				PRODUCT_BUNDLE_IDENTIFIER = de.velyzo.Connecto.watchapp.tests;
				PRODUCT_NAME = "$(TARGET_NAME)";
				SDKROOT = watchos;
				SWIFT_EMIT_LOC_STRINGS = NO;
				SWIFT_VERSION = 5.0;
				TARGETED_DEVICE_FAMILY = 4;
				TEST_HOST = "$(BUILT_PRODUCTS_DIR)/Connecto Watch App.app/$(BUNDLE_EXECUTABLE_FOLDER_PATH)/Connecto Watch App";
				WATCHOS_DEPLOYMENT_TARGET = 10.0;
			};
			name = Debug;
		};
		037C7D612E09B05C00C626D8 /* Release */ = {
			isa = XCBuildConfiguration;
			buildSettings = {
				BUNDLE_LOADER = "$(TEST_HOST)";
				CODE_SIGN_STYLE = Automatic;
				CURRENT_PROJECT_VERSION = 1;
				DEVELOPMENT_TEAM = S9834AYCZH;
				GENERATE_INFOPLIST_FILE = YES;
				MARKETING_VERSION = 1.0;
				PRODUCT_BUNDLE_IDENTIFIER = de.velyzo.Connecto.watchapp.tests;
				PRODUCT_NAME = "$(TARGET_NAME)";
				SDKROOT = watchos;
				SWIFT_EMIT_LOC_STRINGS = NO;
				SWIFT_VERSION = 5.0;
				TARGETED_DEVICE_FAMILY = 4;
				TEST_HOST = "$(BUILT_PRODUCTS_DIR)/Connecto Watch App.app/$(BUNDLE_EXECUTABLE_FOLDER_PATH)/Connecto Watch App";
				VALIDATE_PRODUCT = YES;
				WATCHOS_DEPLOYMENT_TARGET = 10.0;
			};
			name = Release;
		};
		037C7D632E09B05C00C626D8 /* Debug */ = {
			isa = XCBuildConfiguration;
			buildSettings = {
				CODE_SIGN_STYLE = Automatic;
				CURRENT_PROJECT_VERSION = 1;
				DEVELOPMENT_TEAM = S9834AYCZH;
				GENERATE_INFOPLIST_FILE = YES;
				MARKETING_VERSION = 1.0;
				PRODUCT_BUNDLE_IDENTIFIER = de.velyzo.Connecto.watchapp.uitests;
				PRODUCT_NAME = "$(TARGET_NAME)";
				SDKROOT = watchos;
				SWIFT_EMIT_LOC_STRINGS = NO;
				SWIFT_VERSION = 5.0;
				TARGETED_DEVICE_FAMILY = 4;
				TEST_TARGET_NAME = "Connecto Watch App";
				WATCHOS_DEPLOYMENT_TARGET = 10.0;
			};
			name = Debug;
		};
		037C7D642E09B05C00C626D8 /* Release */ = {
			isa = XCBuildConfiguration;
			buildSettings = {
				CODE_SIGN_STYLE = Automatic;
				CURRENT_PROJECT_VERSION = 1;
				DEVELOPMENT_TEAM = S9834AYCZH;
				GENERATE_INFOPLIST_FILE = YES;
				MARKETING_VERSION = 1.0;
				PRODUCT_BUNDLE_IDENTIFIER = de.velyzo.Connecto.watchapp.uitests;
				PRODUCT_NAME = "$(TARGET_NAME)";
				SDKROOT = watchos;
				SWIFT_EMIT_LOC_STRINGS = NO;
				SWIFT_VERSION = 5.0;
				TARGETED_DEVICE_FAMILY = 4;
				TEST_TARGET_NAME = "Connecto Watch App";
				VALIDATE_PRODUCT = YES;
				WATCHOS_DEPLOYMENT_TARGET = 10.0;
			};
			name = Release;
		};
/* End XCBuildConfiguration section */

/* Begin XCConfigurationList section */
		037C7D072E09B05900C626D8 /* Build configuration list for PBXProject "Connecto" */ = {
			isa = XCConfigurationList;
			buildConfigurations = (
				037C7D502E09B05C00C626D8 /* Debug */,
				037C7D512E09B05C00C626D8 /* Release */,
			);
			defaultConfigurationIsVisible = 0;
			defaultConfigurationName = Release;
		};
		037C7D522E09B05C00C626D8 /* Build configuration list for PBXNativeTarget "Connecto Watch App" */ = {
			isa = XCConfigurationList;
			buildConfigurations = (
				037C7D532E09B05C00C626D8 /* Debug */,
				037C7D542E09B05C00C626D8 /* Release */,
			);
			defaultConfigurationIsVisible = 0;
			defaultConfigurationName = Release;
		};
		037C7D562E09B05C00C626D8 /* Build configuration list for PBXNativeTarget "Connecto" */ = {
			isa = XCConfigurationList;
			buildConfigurations = (
				037C7D572E09B05C00C626D8 /* Debug */,
				037C7D582E09B05C00C626D8 /* Release */,
			);
			defaultConfigurationIsVisible = 0;
			defaultConfigurationName = Release;
		};
		037C7D592E09B05C00C626D8 /* Build configuration list for PBXNativeTarget "ConnectoTests" */ = {
			isa = XCConfigurationList;
			buildConfigurations = (
				037C7D5A2E09B05C00C626D8 /* Debug */,
				037C7D5B2E09B05C00C626D8 /* Release */,
			);
			defaultConfigurationIsVisible = 0;
			defaultConfigurationName = Release;
		};
		037C7D5C2E09B05C00C626D8 /* Build configuration list for PBXNativeTarget "ConnectoUITests" */ = {
			isa = XCConfigurationList;
			buildConfigurations = (
				037C7D5D2E09B05C00C626D8 /* Debug */,
				037C7D5E2E09B05C00C626D8 /* Release */,
			);
			defaultConfigurationIsVisible = 0;
			defaultConfigurationName = Release;
		};
		037C7D5F2E09B05C00C626D8 /* Build configuration list for PBXNativeTarget "Connecto Watch AppTests" */ = {
			isa = XCConfigurationList;
			buildConfigurations = (
				037C7D602E09B05C00C626D8 /* Debug */,
				037C7D612E09B05C00C626D8 /* Release */,
			);
			defaultConfigurationIsVisible = 0;
			defaultConfigurationName = Release;
		};
		037C7D622E09B05C00C626D8 /* Build configuration list for PBXNativeTarget "Connecto Watch AppUITests" */ = {
			isa = XCConfigurationList;
			buildConfigurations = (
				037C7D632E09B05C00C626D8 /* Debug */,
				037C7D642E09B05C00C626D8 /* Release */,
			);
			defaultConfigurationIsVisible = 0;
			defaultConfigurationName = Release;
		};
/* End XCConfigurationList section */
	};
	rootObject = 037C7D042E09B05900C626D8 /* Project object */;
}
